
Microsoft Visual Studio Solution File, Format Version 12.00
# Visual Studio 14
VisualStudioVersion = 14.0.22823.1
MinimumVisualStudioVersion = 10.0.40219.1
Project("{FAE04EC0-301F-11D3-BF4B-00C04F79EFBC}") = "AutoPropertyIntializers", "AutoPropertyIntializers\AutoPropertyIntializers.csproj", "{6D61C3DF-4E6A-4ECD-A8DA-0028DF5CCB4D}"
EndProject
Project("{FAE04EC0-301F-11D3-BF4B-00C04F79EFBC}") = "UsingStaticMembers", "UsingStaticMembers\UsingStaticMembers.csproj", "{7A4CC4AD-7BB0-4972-BFED-671D551451C9}"
EndProject
Project("{FAE04EC0-301F-11D3-BF4B-00C04F79EFBC}") = "ExceptionFilters", "ExceptionFilters\ExceptionFilters.csproj", "{B53BDCAC-59DC-426B-8E82-8643A3362FB9}"
EndProject
Project("{FAE04EC0-301F-11D3-BF4B-00C04F79EFBC}") = "PartialInterface", "PartialInterface\PartialInterface.csproj", "{9D035B23-6AB5-4B11-AB66-FCDA4B2A917B}"
EndProject
Global
	GlobalSection(SolutionConfigurationPlatforms) = preSolution
		Debug|Any CPU = Debug|Any CPU
		Release|Any CPU = Release|Any CPU
	EndGlobalSection
	GlobalSection(ProjectConfigurationPlatforms) = postSolution
		{6D61C3DF-4E6A-4ECD-A8DA-0028DF5CCB4D}.Debug|Any CPU.ActiveCfg = Debug|Any CPU
		{6D61C3DF-4E6A-4ECD-A8DA-0028DF5CCB4D}.Debug|Any CPU.Build.0 = Debug|Any CPU
		{6D61C3DF-4E6A-4ECD-A8DA-0028DF5CCB4D}.Release|Any CPU.ActiveCfg = Release|Any CPU
		{6D61C3DF-4E6A-4ECD-A8DA-0028DF5CCB4D}.Release|Any CPU.Build.0 = Release|Any CPU
		{7A4CC4AD-7BB0-4972-BFED-671D551451C9}.Debug|Any CPU.ActiveCfg = Debug|Any CPU
		{7A4CC4AD-7BB0-4972-BFED-671D551451C9}.Debug|Any CPU.Build.0 = Debug|Any CPU
		{7A4CC4AD-7BB0-4972-BFED-671D551451C9}.Release|Any CPU.ActiveCfg = Release|Any CPU
		{7A4CC4AD-7BB0-4972-BFED-671D551451C9}.Release|Any CPU.Build.0 = Release|Any CPU
		{B53BDCAC-59DC-426B-8E82-8643A3362FB9}.Debug|Any CPU.ActiveCfg = Debug|Any CPU
		{B53BDCAC-59DC-426B-8E82-8643A3362FB9}.Debug|Any CPU.Build.0 = Debug|Any CPU
		{B53BDCAC-59DC-426B-8E82-8643A3362FB9}.Release|Any CPU.ActiveCfg = Release|Any CPU
		{B53BDCAC-59DC-426B-8E82-8643A3362FB9}.Release|Any CPU.Build.0 = Release|Any CPU
		{9D035B23-6AB5-4B11-AB66-FCDA4B2A917B}.Debug|Any CPU.ActiveCfg = Debug|Any CPU
		{9D035B23-6AB5-4B11-AB66-FCDA4B2A917B}.Debug|Any CPU.Build.0 = Debug|Any CPU
		{9D035B23-6AB5-4B11-AB66-FCDA4B2A917B}.Release|Any CPU.ActiveCfg = Release|Any CPU
		{9D035B23-6AB5-4B11-AB66-FCDA4B2A917B}.Release|Any CPU.Build.0 = Release|Any CPU
	EndGlobalSection
	GlobalSection(SolutionProperties) = preSolution
		HideSolutionNode = FALSE
	EndGlobalSection
EndGlobal
